
Microsoft Visual Studio Solution File, Format Version 12.00
# Visual Studio Express 2012 for Windows Desktop
Project("{FAE04EC0-301F-11D3-BF4B-00C04F79EFBC}") = "Project1", "Project1\Project1.csproj", "{347F4490-27A8-40E9-925A-34FE058A29B2}"
EndProject
Global
	GlobalSection(SolutionConfigurationPlatforms) = preSolution
		Debug|Any CPU = Debug|Any CPU
		Release|Any CPU = Release|Any CPU
	EndGlobalSection
	GlobalSection(ProjectConfigurationPlatforms) = postSolution
		{347F4490-27A8-40E9-925A-34FE058A29B2}.Debug|Any CPU.ActiveCfg = Debug|Any CPU
		{347F4490-27A8-40E9-925A-34FE058A29B2}.Debug|Any CPU.Build.0 = Debug|Any CPU
		{347F4490-27A8-40E9-925A-34FE058A29B2}.Release|Any CPU.ActiveCfg = Release|Any CPU
		{347F4490-27A8-40E9-925A-34FE058A29B2}.Release|Any CPU.Build.0 = Release|Any CPU
	EndGlobalSection
	GlobalSection(SolutionProperties) = preSolution
		HideSolutionNode = FALSE
	EndGlobalSection
EndGlobal
